{
  "name": "dlplugin",
  "version": "1.2.0",
  "lockfileVersion": 1,
  "requires": true,
  "dependencies": {
    "egretwing": {
      "version": "https://registry.npmjs.org/egretwing/-/egretwing-3.0.4.tgz",
      "integrity": "sha1-jth/7/EZVJXR0W7uW+2r8tGQCOQ=",
      "dev": true,
      "requires": {
        "semver": "https://registry.npm.taobao.org/semver/download/semver-5.4.1.tgz"
      }
    },
    "semver": {
      "version": "https://registry.npm.taobao.org/semver/download/semver-5.4.1.tgz",
      "integrity": "sha1-4FnAnYVx8FQII3M0M1BdOi8AsY4=",
      "dev": true
    },
    "typescript": {
      "version": "https://registry.npmjs.org/typescript/-/typescript-1.8.10.tgz",
      "integrity": "sha1-tHXW4N/wv1DyluXKbvn7tccyDx4=",
      "dev": true
    }
  }
}
